// !$*UTF8*$!
{
	archiveVersion = 1;
	classes = {
	};
	objectVersion = 46;
	objects = {

/* Begin PBXBuildFile section */
		65341ED41DEE810400AB90B0 /* QRActivityItem.swift in Sources */ = {isa = PBXBuildFile; fileRef = 65341ED31DEE810400AB90B0 /* QRActivityItem.swift */; };
		65341ED61DEE942B00AB90B0 /* QRSafariActivity.swift in Sources */ = {isa = PBXBuildFile; fileRef = 65341ED51DEE942B00AB90B0 /* QRSafariActivity.swift */; };
		6540D74A1DF5AA2000FFA91B /* LoginCountriesController.swift in Sources */ = {isa = PBXBuildFile; fileRef = 6540D7491DF5AA2000FFA91B /* LoginCountriesController.swift */; };
		654C6B6B1DED7FB600C38A7D /* LoginViewController.swift in Sources */ = {isa = PBXBuildFile; fileRef = 654C6B6A1DED7FB600C38A7D /* LoginViewController.swift */; };
		654C6B6D1DED802700C38A7D /* TabBarViewController.swift in Sources */ = {isa = PBXBuildFile; fileRef = 654C6B6C1DED802700C38A7D /* TabBarViewController.swift */; };
		654C6B701DED840400C38A7D /* QRCaptureViewController.swift in Sources */ = {isa = PBXBuildFile; fileRef = 654C6B6F1DED840400C38A7D /* QRCaptureViewController.swift */; };
		654F4D8D1DF15FB100954E56 /* OcFont.swift in Sources */ = {isa = PBXBuildFile; fileRef = 654F4D8C1DF15FB100954E56 /* OcFont.swift */; };
		654F4D8F1DF1716700954E56 /* OcNavigationBar.swift in Sources */ = {isa = PBXBuildFile; fileRef = 654F4D8E1DF1716700954E56 /* OcNavigationBar.swift */; };
		6564123F1DF68E1A0064E6AD /* OcDispatchQueue.swift in Sources */ = {isa = PBXBuildFile; fileRef = 6564123E1DF68E1A0064E6AD /* OcDispatchQueue.swift */; };
		656412411DF693370064E6AD /* PhoneCountries.txt in Resources */ = {isa = PBXBuildFile; fileRef = 656412401DF693370064E6AD /* PhoneCountries.txt */; };
		656412431DF6EA240064E6AD /* OcPhoneUtils.swift in Sources */ = {isa = PBXBuildFile; fileRef = 656412421DF6EA240064E6AD /* OcPhoneUtils.swift */; };
		65747AB11DDED51C00405A9A /* AppDelegate.swift in Sources */ = {isa = PBXBuildFile; fileRef = 65747AB01DDED51C00405A9A /* AppDelegate.swift */; };
		65747AB31DDED51C00405A9A /* ViewController.swift in Sources */ = {isa = PBXBuildFile; fileRef = 65747AB21DDED51C00405A9A /* ViewController.swift */; };
		65747AB61DDED51C00405A9A /* Main.storyboard in Resources */ = {isa = PBXBuildFile; fileRef = 65747AB41DDED51C00405A9A /* Main.storyboard */; };
		65747AB91DDED51C00405A9A /* OceanApp.xcdatamodeld in Sources */ = {isa = PBXBuildFile; fileRef = 65747AB71DDED51C00405A9A /* OceanApp.xcdatamodeld */; };
		65747ABB1DDED51C00405A9A /* Assets.xcassets in Resources */ = {isa = PBXBuildFile; fileRef = 65747ABA1DDED51C00405A9A /* Assets.xcassets */; };
		65747ABE1DDED51C00405A9A /* LaunchScreen.storyboard in Resources */ = {isa = PBXBuildFile; fileRef = 65747ABC1DDED51C00405A9A /* LaunchScreen.storyboard */; };
		65747AC91DDED51C00405A9A /* OceanAppTests.swift in Sources */ = {isa = PBXBuildFile; fileRef = 65747AC81DDED51C00405A9A /* OceanAppTests.swift */; };
		65747AD41DDED51C00405A9A /* OceanAppUITests.swift in Sources */ = {isa = PBXBuildFile; fileRef = 65747AD31DDED51C00405A9A /* OceanAppUITests.swift */; };
		65749F541DF806B20037D2E4 /* BLPhoneFormat.bundle in Resources */ = {isa = PBXBuildFile; fileRef = 65749F531DF806B20037D2E4 /* BLPhoneFormat.bundle */; };
		657629081DFAA53600B838EE /* TGNavigationBar.m in Sources */ = {isa = PBXBuildFile; fileRef = 657629051DFAA53600B838EE /* TGNavigationBar.m */; };
		65C358821DE7036C00D78E19 /* OcColor.swift in Sources */ = {isa = PBXBuildFile; fileRef = 65C358811DE7036C00D78E19 /* OcColor.swift */; };
		B0A896F90F359579927CD1DB /* Pods_OceanApp.framework in Frameworks */ = {isa = PBXBuildFile; fileRef = 88E923412464E580DE881E40 /* Pods_OceanApp.framework */; };
/* End PBXBuildFile section */

/* Begin PBXContainerItemProxy section */
		65747AC51DDED51C00405A9A /* PBXContainerItemProxy */ = {
			isa = PBXContainerItemProxy;
			containerPortal = 65747AA51DDED51B00405A9A /* Project object */;
			proxyType = 1;
			remoteGlobalIDString = 65747AAC1DDED51B00405A9A;
			remoteInfo = OceanApp;
		};
		65747AD01DDED51C00405A9A /* PBXContainerItemProxy */ = {
			isa = PBXContainerItemProxy;
			containerPortal = 65747AA51DDED51B00405A9A /* Project object */;
			proxyType = 1;
			remoteGlobalIDString = 65747AAC1DDED51B00405A9A;
			remoteInfo = OceanApp;
		};
/* End PBXContainerItemProxy section */

/* Begin PBXFileReference section */
		65341ED31DEE810400AB90B0 /* QRActivityItem.swift */ = {isa = PBXFileReference; fileEncoding = 4; lastKnownFileType = sourcecode.swift; path = QRActivityItem.swift; sourceTree = "<group>"; };
		65341ED51DEE942B00AB90B0 /* QRSafariActivity.swift */ = {isa = PBXFileReference; fileEncoding = 4; lastKnownFileType = sourcecode.swift; path = QRSafariActivity.swift; sourceTree = "<group>"; };
		6540D7491DF5AA2000FFA91B /* LoginCountriesController.swift */ = {isa = PBXFileReference; fileEncoding = 4; lastKnownFileType = sourcecode.swift; path = LoginCountriesController.swift; sourceTree = "<group>"; };
		654C6B6A1DED7FB600C38A7D /* LoginViewController.swift */ = {isa = PBXFileReference; fileEncoding = 4; lastKnownFileType = sourcecode.swift; path = LoginViewController.swift; sourceTree = "<group>"; };
		654C6B6C1DED802700C38A7D /* TabBarViewController.swift */ = {isa = PBXFileReference; fileEncoding = 4; lastKnownFileType = sourcecode.swift; path = TabBarViewController.swift; sourceTree = "<group>"; };
		654C6B6F1DED840400C38A7D /* QRCaptureViewController.swift */ = {isa = PBXFileReference; fileEncoding = 4; lastKnownFileType = sourcecode.swift; path = QRCaptureViewController.swift; sourceTree = "<group>"; };
		654F4D8C1DF15FB100954E56 /* OcFont.swift */ = {isa = PBXFileReference; fileEncoding = 4; lastKnownFileType = sourcecode.swift; path = OcFont.swift; sourceTree = "<group>"; };
		654F4D8E1DF1716700954E56 /* OcNavigationBar.swift */ = {isa = PBXFileReference; fileEncoding = 4; lastKnownFileType = sourcecode.swift; path = OcNavigationBar.swift; sourceTree = "<group>"; };
		6564123E1DF68E1A0064E6AD /* OcDispatchQueue.swift */ = {isa = PBXFileReference; fileEncoding = 4; lastKnownFileType = sourcecode.swift; path = OcDispatchQueue.swift; sourceTree = "<group>"; };
		656412401DF693370064E6AD /* PhoneCountries.txt */ = {isa = PBXFileReference; fileEncoding = 4; lastKnownFileType = text; path = PhoneCountries.txt; sourceTree = "<group>"; };
		656412421DF6EA240064E6AD /* OcPhoneUtils.swift */ = {isa = PBXFileReference; fileEncoding = 4; lastKnownFileType = sourcecode.swift; path = OcPhoneUtils.swift; sourceTree = "<group>"; };
		65747AAD1DDED51C00405A9A /* OceanApp.app */ = {isa = PBXFileReference; explicitFileType = wrapper.application; includeInIndex = 0; path = OceanApp.app; sourceTree = BUILT_PRODUCTS_DIR; };
		65747AB01DDED51C00405A9A /* AppDelegate.swift */ = {isa = PBXFileReference; lastKnownFileType = sourcecode.swift; path = AppDelegate.swift; sourceTree = "<group>"; };
		65747AB21DDED51C00405A9A /* ViewController.swift */ = {isa = PBXFileReference; lastKnownFileType = sourcecode.swift; path = ViewController.swift; sourceTree = "<group>"; };
		65747AB51DDED51C00405A9A /* Base */ = {isa = PBXFileReference; lastKnownFileType = file.storyboard; name = Base; path = Base.lproj/Main.storyboard; sourceTree = "<group>"; };
		65747AB81DDED51C00405A9A /* OceanApp.xcdatamodel */ = {isa = PBXFileReference; lastKnownFileType = wrapper.xcdatamodel; path = OceanApp.xcdatamodel; sourceTree = "<group>"; };
		65747ABA1DDED51C00405A9A /* Assets.xcassets */ = {isa = PBXFileReference; lastKnownFileType = folder.assetcatalog; path = Assets.xcassets; sourceTree = "<group>"; };
		65747ABD1DDED51C00405A9A /* Base */ = {isa = PBXFileReference; lastKnownFileType = file.storyboard; name = Base; path = Base.lproj/LaunchScreen.storyboard; sourceTree = "<group>"; };
		65747ABF1DDED51C00405A9A /* Info.plist */ = {isa = PBXFileReference; lastKnownFileType = text.plist.xml; path = Info.plist; sourceTree = "<group>"; };
		65747AC41DDED51C00405A9A /* OceanAppTests.xctest */ = {isa = PBXFileReference; explicitFileType = wrapper.cfbundle; includeInIndex = 0; path = OceanAppTests.xctest; sourceTree = BUILT_PRODUCTS_DIR; };
		65747AC81DDED51C00405A9A /* OceanAppTests.swift */ = {isa = PBXFileReference; lastKnownFileType = sourcecode.swift; path = OceanAppTests.swift; sourceTree = "<group>"; };
		65747ACA1DDED51C00405A9A /* Info.plist */ = {isa = PBXFileReference; lastKnownFileType = text.plist.xml; path = Info.plist; sourceTree = "<group>"; };
		65747ACF1DDED51C00405A9A /* OceanAppUITests.xctest */ = {isa = PBXFileReference; explicitFileType = wrapper.cfbundle; includeInIndex = 0; path = OceanAppUITests.xctest; sourceTree = BUILT_PRODUCTS_DIR; };
		65747AD31DDED51C00405A9A /* OceanAppUITests.swift */ = {isa = PBXFileReference; lastKnownFileType = sourcecode.swift; path = OceanAppUITests.swift; sourceTree = "<group>"; };
		65747AD51DDED51C00405A9A /* Info.plist */ = {isa = PBXFileReference; lastKnownFileType = text.plist.xml; path = Info.plist; sourceTree = "<group>"; };
		65749F4D1DF7D8B60037D2E4 /* OceanApp-Bridging-Header.h */ = {isa = PBXFileReference; lastKnownFileType = sourcecode.c.h; path = "OceanApp-Bridging-Header.h"; sourceTree = "<group>"; };
		65749F531DF806B20037D2E4 /* BLPhoneFormat.bundle */ = {isa = PBXFileReference; lastKnownFileType = "wrapper.plug-in"; path = BLPhoneFormat.bundle; sourceTree = "<group>"; };
		657629041DFAA53600B838EE /* TGNavigationBar.h */ = {isa = PBXFileReference; fileEncoding = 4; lastKnownFileType = sourcecode.c.h; path = TGNavigationBar.h; sourceTree = "<group>"; };
		657629051DFAA53600B838EE /* TGNavigationBar.m */ = {isa = PBXFileReference; fileEncoding = 4; lastKnownFileType = sourcecode.c.objc; path = TGNavigationBar.m; sourceTree = "<group>"; };
		65C358811DE7036C00D78E19 /* OcColor.swift */ = {isa = PBXFileReference; fileEncoding = 4; lastKnownFileType = sourcecode.swift; path = OcColor.swift; sourceTree = "<group>"; };
		7F56BAF140715BABCF3A7662 /* Pods-OceanApp.release.xcconfig */ = {isa = PBXFileReference; includeInIndex = 1; lastKnownFileType = text.xcconfig; name = "Pods-OceanApp.release.xcconfig"; path = "Pods/Target Support Files/Pods-OceanApp/Pods-OceanApp.release.xcconfig"; sourceTree = "<group>"; };
		88E923412464E580DE881E40 /* Pods_OceanApp.framework */ = {isa = PBXFileReference; explicitFileType = wrapper.framework; includeInIndex = 0; path = Pods_OceanApp.framework; sourceTree = BUILT_PRODUCTS_DIR; };
		B4142DF808CF870E5DDF9536 /* Pods-OceanApp.debug.xcconfig */ = {isa = PBXFileReference; includeInIndex = 1; lastKnownFileType = text.xcconfig; name = "Pods-OceanApp.debug.xcconfig"; path = "Pods/Target Support Files/Pods-OceanApp/Pods-OceanApp.debug.xcconfig"; sourceTree = "<group>"; };
/* End PBXFileReference section */

/* Begin PBXFrameworksBuildPhase section */
		65747AAA1DDED51B00405A9A /* Frameworks */ = {
			isa = PBXFrameworksBuildPhase;
			buildActionMask = 2147483647;
			files = (
				B0A896F90F359579927CD1DB /* Pods_OceanApp.framework in Frameworks */,
			);
			runOnlyForDeploymentPostprocessing = 0;
		};
		65747AC11DDED51C00405A9A /* Frameworks */ = {
			isa = PBXFrameworksBuildPhase;
			buildActionMask = 2147483647;
			files = (
			);
			runOnlyForDeploymentPostprocessing = 0;
		};
		65747ACC1DDED51C00405A9A /* Frameworks */ = {
			isa = PBXFrameworksBuildPhase;
			buildActionMask = 2147483647;
			files = (
			);
			runOnlyForDeploymentPostprocessing = 0;
		};
/* End PBXFrameworksBuildPhase section */

/* Begin PBXGroup section */
		654C6B691DED7FB600C38A7D /* Login */ = {
			isa = PBXGroup;
			children = (
				654C6B6A1DED7FB600C38A7D /* LoginViewController.swift */,
				6540D7491DF5AA2000FFA91B /* LoginCountriesController.swift */,
			);
			path = Login;
			sourceTree = "<group>";
		};
		654C6B6E1DED82E800C38A7D /* QRCapture */ = {
			isa = PBXGroup;
			children = (
				654C6B6F1DED840400C38A7D /* QRCaptureViewController.swift */,
				65341ED31DEE810400AB90B0 /* QRActivityItem.swift */,
				65341ED51DEE942B00AB90B0 /* QRSafariActivity.swift */,
			);
			path = QRCapture;
			sourceTree = "<group>";
		};
		6564123D1DF68DFE0064E6AD /* OceanKit */ = {
			isa = PBXGroup;
			children = (
				657629041DFAA53600B838EE /* TGNavigationBar.h */,
				657629051DFAA53600B838EE /* TGNavigationBar.m */,
				6564123E1DF68E1A0064E6AD /* OcDispatchQueue.swift */,
				656412421DF6EA240064E6AD /* OcPhoneUtils.swift */,
				65749F4D1DF7D8B60037D2E4 /* OceanApp-Bridging-Header.h */,
			);
			path = OceanKit;
			sourceTree = "<group>";
		};
		65747AA41DDED51B00405A9A = {
			isa = PBXGroup;
			children = (
				65747AAF1DDED51C00405A9A /* OceanApp */,
				65747AC71DDED51C00405A9A /* OceanAppTests */,
				65747AD21DDED51C00405A9A /* OceanAppUITests */,
				65747AAE1DDED51C00405A9A /* Products */,
				F02811E7023E73EF705A80A8 /* Pods */,
				BC21CA189F62F66D038435E0 /* Frameworks */,
			);
			sourceTree = "<group>";
		};
		65747AAE1DDED51C00405A9A /* Products */ = {
			isa = PBXGroup;
			children = (
				65747AAD1DDED51C00405A9A /* OceanApp.app */,
				65747AC41DDED51C00405A9A /* OceanAppTests.xctest */,
				65747ACF1DDED51C00405A9A /* OceanAppUITests.xctest */,
			);
			name = Products;
			sourceTree = "<group>";
		};
		65747AAF1DDED51C00405A9A /* OceanApp */ = {
			isa = PBXGroup;
			children = (
				65747AB01DDED51C00405A9A /* AppDelegate.swift */,
				65747AB21DDED51C00405A9A /* ViewController.swift */,
				654C6B6C1DED802700C38A7D /* TabBarViewController.swift */,
				6564123D1DF68DFE0064E6AD /* OceanKit */,
				654C6B6E1DED82E800C38A7D /* QRCapture */,
				654C6B691DED7FB600C38A7D /* Login */,
				65747AB41DDED51C00405A9A /* Main.storyboard */,
				65747ABA1DDED51C00405A9A /* Assets.xcassets */,
				65747ABC1DDED51C00405A9A /* LaunchScreen.storyboard */,
				656412401DF693370064E6AD /* PhoneCountries.txt */,
				65747ABF1DDED51C00405A9A /* Info.plist */,
				65747AB71DDED51C00405A9A /* OceanApp.xcdatamodeld */,
				65C358811DE7036C00D78E19 /* OcColor.swift */,
				654F4D8C1DF15FB100954E56 /* OcFont.swift */,
				654F4D8E1DF1716700954E56 /* OcNavigationBar.swift */,
				65749F531DF806B20037D2E4 /* BLPhoneFormat.bundle */,
			);
			path = OceanApp;
			sourceTree = "<group>";
		};
		65747AC71DDED51C00405A9A /* OceanAppTests */ = {
			isa = PBXGroup;
			children = (
				65747AC81DDED51C00405A9A /* OceanAppTests.swift */,
				65747ACA1DDED51C00405A9A /* Info.plist */,
			);
			path = OceanAppTests;
			sourceTree = "<group>";
		};
		65747AD21DDED51C00405A9A /* OceanAppUITests */ = {
			isa = PBXGroup;
			children = (
				65747AD31DDED51C00405A9A /* OceanAppUITests.swift */,
				65747AD51DDED51C00405A9A /* Info.plist */,
			);
			path = OceanAppUITests;
			sourceTree = "<group>";
		};
		BC21CA189F62F66D038435E0 /* Frameworks */ = {
			isa = PBXGroup;
			children = (
				88E923412464E580DE881E40 /* Pods_OceanApp.framework */,
			);
			name = Frameworks;
			sourceTree = "<group>";
		};
		F02811E7023E73EF705A80A8 /* Pods */ = {
			isa = PBXGroup;
			children = (
				B4142DF808CF870E5DDF9536 /* Pods-OceanApp.debug.xcconfig */,
				7F56BAF140715BABCF3A7662 /* Pods-OceanApp.release.xcconfig */,
			);
			name = Pods;
			sourceTree = "<group>";
		};
/* End PBXGroup section */

/* Begin PBXNativeTarget section */
		65747AAC1DDED51B00405A9A /* OceanApp */ = {
			isa = PBXNativeTarget;
			buildConfigurationList = 65747AD81DDED51C00405A9A /* Build configuration list for PBXNativeTarget "OceanApp" */;
			buildPhases = (
				E348C3A23C9086DB8857E570 /* [CP] Check Pods Manifest.lock */,
				65747AA91DDED51B00405A9A /* Sources */,
				65747AAA1DDED51B00405A9A /* Frameworks */,
				65747AAB1DDED51B00405A9A /* Resources */,
				FE829B628FCD4B55F02F6A09 /* [CP] Embed Pods Frameworks */,
				967BF69DF973F5E79C147A06 /* [CP] Copy Pods Resources */,
			);
			buildRules = (
			);
			dependencies = (
			);
			name = OceanApp;
			productName = OceanApp;
			productReference = 65747AAD1DDED51C00405A9A /* OceanApp.app */;
			productType = "com.apple.product-type.application";
		};
		65747AC31DDED51C00405A9A /* OceanAppTests */ = {
			isa = PBXNativeTarget;
			buildConfigurationList = 65747ADB1DDED51C00405A9A /* Build configuration list for PBXNativeTarget "OceanAppTests" */;
			buildPhases = (
				65747AC01DDED51C00405A9A /* Sources */,
				65747AC11DDED51C00405A9A /* Frameworks */,
				65747AC21DDED51C00405A9A /* Resources */,
			);
			buildRules = (
			);
			dependencies = (
				65747AC61DDED51C00405A9A /* PBXTargetDependency */,
			);
			name = OceanAppTests;
			productName = OceanAppTests;
			productReference = 65747AC41DDED51C00405A9A /* OceanAppTests.xctest */;
			productType = "com.apple.product-type.bundle.unit-test";
		};
		65747ACE1DDED51C00405A9A /* OceanAppUITests */ = {
			isa = PBXNativeTarget;
			buildConfigurationList = 65747ADE1DDED51C00405A9A /* Build configuration list for PBXNativeTarget "OceanAppUITests" */;
			buildPhases = (
				65747ACB1DDED51C00405A9A /* Sources */,
				65747ACC1DDED51C00405A9A /* Frameworks */,
				65747ACD1DDED51C00405A9A /* Resources */,
			);
			buildRules = (
			);
			dependencies = (
				65747AD11DDED51C00405A9A /* PBXTargetDependency */,
			);
			name = OceanAppUITests;
			productName = OceanAppUITests;
			productReference = 65747ACF1DDED51C00405A9A /* OceanAppUITests.xctest */;
			productType = "com.apple.product-type.bundle.ui-testing";
		};
/* End PBXNativeTarget section */

/* Begin PBXProject section */
		65747AA51DDED51B00405A9A /* Project object */ = {
			isa = PBXProject;
			attributes = {
				LastSwiftUpdateCheck = 0810;
				LastUpgradeCheck = 0810;
				ORGANIZATIONNAME = rookie;
				TargetAttributes = {
					65747AAC1DDED51B00405A9A = {
						CreatedOnToolsVersion = 8.1;
						DevelopmentTeam = 3LZ89LE432;
						LastSwiftMigration = 0810;
						ProvisioningStyle = Manual;
					};
					65747AC31DDED51C00405A9A = {
						CreatedOnToolsVersion = 8.1;
						DevelopmentTeam = 366K8UG5Q9;
						ProvisioningStyle = Automatic;
						TestTargetID = 65747AAC1DDED51B00405A9A;
					};
					65747ACE1DDED51C00405A9A = {
						CreatedOnToolsVersion = 8.1;
						DevelopmentTeam = 366K8UG5Q9;
						ProvisioningStyle = Automatic;
						TestTargetID = 65747AAC1DDED51B00405A9A;
					};
				};
			};
			buildConfigurationList = 65747AA81DDED51B00405A9A /* Build configuration list for PBXProject "OceanApp" */;
			compatibilityVersion = "Xcode 3.2";
			developmentRegion = English;
			hasScannedForEncodings = 0;
			knownRegions = (
				en,
				Base,
			);
			mainGroup = 65747AA41DDED51B00405A9A;
			productRefGroup = 65747AAE1DDED51C00405A9A /* Products */;
			projectDirPath = "";
			projectRoot = "";
			targets = (
				65747AAC1DDED51B00405A9A /* OceanApp */,
				65747AC31DDED51C00405A9A /* OceanAppTests */,
				65747ACE1DDED51C00405A9A /* OceanAppUITests */,
			);
		};
/* End PBXProject section */

/* Begin PBXResourcesBuildPhase section */
		65747AAB1DDED51B00405A9A /* Resources */ = {
			isa = PBXResourcesBuildPhase;
			buildActionMask = 2147483647;
			files = (
				65747ABE1DDED51C00405A9A /* LaunchScreen.storyboard in Resources */,
				65747ABB1DDED51C00405A9A /* Assets.xcassets in Resources */,
				656412411DF693370064E6AD /* PhoneCountries.txt in Resources */,
				65747AB61DDED51C00405A9A /* Main.storyboard in Resources */,
				65749F541DF806B20037D2E4 /* BLPhoneFormat.bundle in Resources */,
			);
			runOnlyForDeploymentPostprocessing = 0;
		};
		65747AC21DDED51C00405A9A /* Resources */ = {
			isa = PBXResourcesBuildPhase;
			buildActionMask = 2147483647;
			files = (
			);
			runOnlyForDeploymentPostprocessing = 0;
		};
		65747ACD1DDED51C00405A9A /* Resources */ = {
			isa = PBXResourcesBuildPhase;
			buildActionMask = 2147483647;
			files = (
			);
			runOnlyForDeploymentPostprocessing = 0;
		};
/* End PBXResourcesBuildPhase section */

/* Begin PBXShellScriptBuildPhase section */
		967BF69DF973F5E79C147A06 /* [CP] Copy Pods Resources */ = {
			isa = PBXShellScriptBuildPhase;
			buildActionMask = 2147483647;
			files = (
			);
			inputPaths = (
			);
			name = "[CP] Copy Pods Resources";
			outputPaths = (
			);
			runOnlyForDeploymentPostprocessing = 0;
			shellPath = /bin/sh;
			shellScript = "\"${SRCROOT}/Pods/Target Support Files/Pods-OceanApp/Pods-OceanApp-resources.sh\"\n";
			showEnvVarsInLog = 0;
		};
		E348C3A23C9086DB8857E570 /* [CP] Check Pods Manifest.lock */ = {
			isa = PBXShellScriptBuildPhase;
			buildActionMask = 2147483647;
			files = (
			);
			inputPaths = (
			);
			name = "[CP] Check Pods Manifest.lock";
			outputPaths = (
			);
			runOnlyForDeploymentPostprocessing = 0;
			shellPath = /bin/sh;
			shellScript = "diff \"${PODS_ROOT}/../Podfile.lock\" \"${PODS_ROOT}/Manifest.lock\" > /dev/null\nif [ $? != 0 ] ; then\n    # print error to STDERR\n    echo \"error: The sandbox is not in sync with the Podfile.lock. Run 'pod install' or update your CocoaPods installation.\" >&2\n    exit 1\nfi\n";
			showEnvVarsInLog = 0;
		};
		FE829B628FCD4B55F02F6A09 /* [CP] Embed Pods Frameworks */ = {
			isa = PBXShellScriptBuildPhase;
			buildActionMask = 2147483647;
			files = (
			);
			inputPaths = (
			);
			name = "[CP] Embed Pods Frameworks";
			outputPaths = (
			);
			runOnlyForDeploymentPostprocessing = 0;
			shellPath = /bin/sh;
			shellScript = "\"${SRCROOT}/Pods/Target Support Files/Pods-OceanApp/Pods-OceanApp-frameworks.sh\"\n";
			showEnvVarsInLog = 0;
		};
/* End PBXShellScriptBuildPhase section */

/* Begin PBXSourcesBuildPhase section */
		65747AA91DDED51B00405A9A /* Sources */ = {
			isa = PBXSourcesBuildPhase;
			buildActionMask = 2147483647;
			files = (
				65747AB31DDED51C00405A9A /* ViewController.swift in Sources */,
				654F4D8F1DF1716700954E56 /* OcNavigationBar.swift in Sources */,
				65C358821DE7036C00D78E19 /* OcColor.swift in Sources */,
				654F4D8D1DF15FB100954E56 /* OcFont.swift in Sources */,
				65747AB91DDED51C00405A9A /* OceanApp.xcdatamodeld in Sources */,
				654C6B6B1DED7FB600C38A7D /* LoginViewController.swift in Sources */,
				6540D74A1DF5AA2000FFA91B /* LoginCountriesController.swift in Sources */,
				654C6B6D1DED802700C38A7D /* TabBarViewController.swift in Sources */,
				657629081DFAA53600B838EE /* TGNavigationBar.m in Sources */,
				65747AB11DDED51C00405A9A /* AppDelegate.swift in Sources */,
				65341ED41DEE810400AB90B0 /* QRActivityItem.swift in Sources */,
				656412431DF6EA240064E6AD /* OcPhoneUtils.swift in Sources */,
				654C6B701DED840400C38A7D /* QRCaptureViewController.swift in Sources */,
				6564123F1DF68E1A0064E6AD /* OcDispatchQueue.swift in Sources */,
				65341ED61DEE942B00AB90B0 /* QRSafariActivity.swift in Sources */,
			);
			runOnlyForDeploymentPostprocessing = 0;
		};
		65747AC01DDED51C00405A9A /* Sources */ = {
			isa = PBXSourcesBuildPhase;
			buildActionMask = 2147483647;
			files = (
				65747AC91DDED51C00405A9A /* OceanAppTests.swift in Sources */,
			);
			runOnlyForDeploymentPostprocessing = 0;
		};
		65747ACB1DDED51C00405A9A /* Sources */ = {
			isa = PBXSourcesBuildPhase;
			buildActionMask = 2147483647;
			files = (
				65747AD41DDED51C00405A9A /* OceanAppUITests.swift in Sources */,
			);
			runOnlyForDeploymentPostprocessing = 0;
		};
/* End PBXSourcesBuildPhase section */

/* Begin PBXTargetDependency section */
		65747AC61DDED51C00405A9A /* PBXTargetDependency */ = {
			isa = PBXTargetDependency;
			target = 65747AAC1DDED51B00405A9A /* OceanApp */;
			targetProxy = 65747AC51DDED51C00405A9A /* PBXContainerItemProxy */;
		};
		65747AD11DDED51C00405A9A /* PBXTargetDependency */ = {
			isa = PBXTargetDependency;
			target = 65747AAC1DDED51B00405A9A /* OceanApp */;
			targetProxy = 65747AD01DDED51C00405A9A /* PBXContainerItemProxy */;
		};
/* End PBXTargetDependency section */

/* Begin PBXVariantGroup section */
		65747AB41DDED51C00405A9A /* Main.storyboard */ = {
			isa = PBXVariantGroup;
			children = (
				65747AB51DDED51C00405A9A /* Base */,
			);
			name = Main.storyboard;
			sourceTree = "<group>";
		};
		65747ABC1DDED51C00405A9A /* LaunchScreen.storyboard */ = {
			isa = PBXVariantGroup;
			children = (
				65747ABD1DDED51C00405A9A /* Base */,
			);
			name = LaunchScreen.storyboard;
			sourceTree = "<group>";
		};
/* End PBXVariantGroup section */

/* Begin XCBuildConfiguration section */
		65747AD61DDED51C00405A9A /* Debug */ = {
			isa = XCBuildConfiguration;
			buildSettings = {
				ALWAYS_SEARCH_USER_PATHS = NO;
				CLANG_ANALYZER_NONNULL = YES;
				CLANG_CXX_LANGUAGE_STANDARD = "gnu++0x";
				CLANG_CXX_LIBRARY = "libc++";
				CLANG_ENABLE_MODULES = YES;
				CLANG_ENABLE_OBJC_ARC = YES;
				CLANG_WARN_BOOL_CONVERSION = YES;
				CLANG_WARN_CONSTANT_CONVERSION = YES;
				CLANG_WARN_DIRECT_OBJC_ISA_USAGE = YES_ERROR;
				CLANG_WARN_DOCUMENTATION_COMMENTS = YES;
				CLANG_WARN_EMPTY_BODY = YES;
				CLANG_WARN_ENUM_CONVERSION = YES;
				CLANG_WARN_INFINITE_RECURSION = YES;
				CLANG_WARN_INT_CONVERSION = YES;
				CLANG_WARN_OBJC_ROOT_CLASS = YES_ERROR;
				CLANG_WARN_SUSPICIOUS_MOVE = YES;
				CLANG_WARN_SUSPICIOUS_MOVES = YES;
				CLANG_WARN_UNREACHABLE_CODE = YES;
				CLANG_WARN__DUPLICATE_METHOD_MATCH = YES;
				"CODE_SIGN_IDENTITY[sdk=iphoneos*]" = "iPhone Developer";
				COPY_PHASE_STRIP = NO;
				DEBUG_INFORMATION_FORMAT = dwarf;
				ENABLE_STRICT_OBJC_MSGSEND = YES;
				ENABLE_TESTABILITY = YES;
				GCC_C_LANGUAGE_STANDARD = gnu99;
				GCC_DYNAMIC_NO_PIC = NO;
				GCC_NO_COMMON_BLOCKS = YES;
				GCC_OPTIMIZATION_LEVEL = 0;
				GCC_PREPROCESSOR_DEFINITIONS = (
					"DEBUG=1",
					"$(inherited)",
				);
				GCC_WARN_64_TO_32_BIT_CONVERSION = YES;
				GCC_WARN_ABOUT_RETURN_TYPE = YES_ERROR;
				GCC_WARN_UNDECLARED_SELECTOR = YES;
				GCC_WARN_UNINITIALIZED_AUTOS = YES_AGGRESSIVE;
				GCC_WARN_UNUSED_FUNCTION = YES;
				GCC_WARN_UNUSED_VARIABLE = YES;
				IPHONEOS_DEPLOYMENT_TARGET = 9.0;
				MTL_ENABLE_DEBUG_INFO = YES;
				ONLY_ACTIVE_ARCH = YES;
				SDKROOT = iphoneos;
				SWIFT_ACTIVE_COMPILATION_CONDITIONS = DEBUG;
				SWIFT_OPTIMIZATION_LEVEL = "-Onone";
			};
			name = Debug;
		};
		65747AD71DDED51C00405A9A /* Release */ = {
			isa = XCBuildConfiguration;
			buildSettings = {
				ALWAYS_SEARCH_USER_PATHS = NO;
				CLANG_ANALYZER_NONNULL = YES;
				CLANG_CXX_LANGUAGE_STANDARD = "gnu++0x";
				CLANG_CXX_LIBRARY = "libc++";
				CLANG_ENABLE_MODULES = YES;
				CLANG_ENABLE_OBJC_ARC = YES;
				CLANG_WARN_BOOL_CONVERSION = YES;
				CLANG_WARN_CONSTANT_CONVERSION = YES;
				CLANG_WARN_DIRECT_OBJC_ISA_USAGE = YES_ERROR;
				CLANG_WARN_DOCUMENTATION_COMMENTS = YES;
				CLANG_WARN_EMPTY_BODY = YES;
				CLANG_WARN_ENUM_CONVERSION = YES;
				CLANG_WARN_INFINITE_RECURSION = YES;
				CLANG_WARN_INT_CONVERSION = YES;
				CLANG_WARN_OBJC_ROOT_CLASS = YES_ERROR;
				CLANG_WARN_SUSPICIOUS_MOVE = YES;
				CLANG_WARN_SUSPICIOUS_MOVES = YES;
				CLANG_WARN_UNREACHABLE_CODE = YES;
				CLANG_WARN__DUPLICATE_METHOD_MATCH = YES;
				"CODE_SIGN_IDENTITY[sdk=iphoneos*]" = "iPhone Developer";
				COPY_PHASE_STRIP = NO;
				DEBUG_INFORMATION_FORMAT = "dwarf-with-dsym";
				ENABLE_NS_ASSERTIONS = NO;
				ENABLE_STRICT_OBJC_MSGSEND = YES;
				GCC_C_LANGUAGE_STANDARD = gnu99;
				GCC_NO_COMMON_BLOCKS = YES;
				GCC_WARN_64_TO_32_BIT_CONVERSION = YES;
				GCC_WARN_ABOUT_RETURN_TYPE = YES_ERROR;
				GCC_WARN_UNDECLARED_SELECTOR = YES;
				GCC_WARN_UNINITIALIZED_AUTOS = YES_AGGRESSIVE;
				GCC_WARN_UNUSED_FUNCTION = YES;
				GCC_WARN_UNUSED_VARIABLE = YES;
				IPHONEOS_DEPLOYMENT_TARGET = 9.0;
				MTL_ENABLE_DEBUG_INFO = NO;
				SDKROOT = iphoneos;
				SWIFT_OPTIMIZATION_LEVEL = "-Owholemodule";
				VALIDATE_PRODUCT = YES;
			};
			name = Release;
		};
		65747AD91DDED51C00405A9A /* Debug */ = {
			isa = XCBuildConfiguration;
			baseConfigurationReference = B4142DF808CF870E5DDF9536 /* Pods-OceanApp.debug.xcconfig */;
			buildSettings = {
				ASSETCATALOG_COMPILER_APPICON_NAME = AppIcon;
				CLANG_ENABLE_MODULES = YES;
				CODE_SIGN_IDENTITY = "iPhone Developer: Zhang Feng (54KR2MKCV3)";
				DEVELOPMENT_TEAM = 3LZ89LE432;
				INFOPLIST_FILE = OceanApp/Info.plist;
				LD_RUNPATH_SEARCH_PATHS = "$(inherited) @executable_path/Frameworks";
				PRODUCT_BUNDLE_IDENTIFIER = smart.oceanApp;
				PRODUCT_NAME = "$(TARGET_NAME)";
				PROVISIONING_PROFILE = "634cc443-a329-47fa-a0ed-12304f55173a";
				PROVISIONING_PROFILE_SPECIFIER = developall;
				SWIFT_OBJC_BRIDGING_HEADER = "OceanApp/OceanKit/OceanApp-Bridging-Header.h";
				SWIFT_OPTIMIZATION_LEVEL = "-Onone";
				SWIFT_VERSION = 3.0;
			};
			name = Debug;
		};
		65747ADA1DDED51C00405A9A /* Release */ = {
			isa = XCBuildConfiguration;
			baseConfigurationReference = 7F56BAF140715BABCF3A7662 /* Pods-OceanApp.release.xcconfig */;
			buildSettings = {
				ASSETCATALOG_COMPILER_APPICON_NAME = AppIcon;
				CLANG_ENABLE_MODULES = YES;
				CODE_SIGN_IDENTITY = "iPhone Developer: Zhang Feng (54KR2MKCV3)";
				DEVELOPMENT_TEAM = 3LZ89LE432;
				INFOPLIST_FILE = OceanApp/Info.plist;
				LD_RUNPATH_SEARCH_PATHS = "$(inherited) @executable_path/Frameworks";
				PRODUCT_BUNDLE_IDENTIFIER = smart.oceanApp;
				PRODUCT_NAME = "$(TARGET_NAME)";
				PROVISIONING_PROFILE = "634cc443-a329-47fa-a0ed-12304f55173a";
				PROVISIONING_PROFILE_SPECIFIER = developall;
				SWIFT_OBJC_BRIDGING_HEADER = "OceanApp/OceanKit/OceanApp-Bridging-Header.h";
				SWIFT_VERSION = 3.0;
			};
			name = Release;
		};
		65747ADC1DDED51C00405A9A /* Debug */ = {
			isa = XCBuildConfiguration;
			buildSettings = {
				ALWAYS_EMBED_SWIFT_STANDARD_LIBRARIES = YES;
				BUNDLE_LOADER = "$(TEST_HOST)";
				DEVELOPMENT_TEAM = 366K8UG5Q9;
				INFOPLIST_FILE = OceanAppTests/Info.plist;
				LD_RUNPATH_SEARCH_PATHS = "$(inherited) @executable_path/Frameworks @loader_path/Frameworks";
				PRODUCT_BUNDLE_IDENTIFIER = smart.OceanAppTests;
				PRODUCT_NAME = "$(TARGET_NAME)";
				SWIFT_VERSION = 3.0;
				TEST_HOST = "$(BUILT_PRODUCTS_DIR)/OceanApp.app/OceanApp";
			};
			name = Debug;
		};
		65747ADD1DDED51C00405A9A /* Release */ = {
			isa = XCBuildConfiguration;
			buildSettings = {
				ALWAYS_EMBED_SWIFT_STANDARD_LIBRARIES = YES;
				BUNDLE_LOADER = "$(TEST_HOST)";
				DEVELOPMENT_TEAM = 366K8UG5Q9;
				INFOPLIST_FILE = OceanAppTests/Info.plist;
				LD_RUNPATH_SEARCH_PATHS = "$(inherited) @executable_path/Frameworks @loader_path/Frameworks";
				PRODUCT_BUNDLE_IDENTIFIER = smart.OceanAppTests;
				PRODUCT_NAME = "$(TARGET_NAME)";
				SWIFT_VERSION = 3.0;
				TEST_HOST = "$(BUILT_PRODUCTS_DIR)/OceanApp.app/OceanApp";
			};
			name = Release;
		};
		65747ADF1DDED51C00405A9A /* Debug */ = {
			isa = XCBuildConfiguration;
			buildSettings = {
				ALWAYS_EMBED_SWIFT_STANDARD_LIBRARIES = YES;
				DEVELOPMENT_TEAM = 366K8UG5Q9;
				INFOPLIST_FILE = OceanAppUITests/Info.plist;
				LD_RUNPATH_SEARCH_PATHS = "$(inherited) @executable_path/Frameworks @loader_path/Frameworks";
				PRODUCT_BUNDLE_IDENTIFIER = smart.OceanAppUITests;
				PRODUCT_NAME = "$(TARGET_NAME)";
				SWIFT_VERSION = 3.0;
				TEST_TARGET_NAME = OceanApp;
			};
			name = Debug;
		};
		65747AE01DDED51C00405A9A /* Release */ = {
			isa = XCBuildConfiguration;
			buildSettings = {
				ALWAYS_EMBED_SWIFT_STANDARD_LIBRARIES = YES;
				DEVELOPMENT_TEAM = 366K8UG5Q9;
				INFOPLIST_FILE = OceanAppUITests/Info.plist;
				LD_RUNPATH_SEARCH_PATHS = "$(inherited) @executable_path/Frameworks @loader_path/Frameworks";
				PRODUCT_BUNDLE_IDENTIFIER = smart.OceanAppUITests;
				PRODUCT_NAME = "$(TARGET_NAME)";
				SWIFT_VERSION = 3.0;
				TEST_TARGET_NAME = OceanApp;
			};
			name = Release;
		};
/* End XCBuildConfiguration section */

/* Begin XCConfigurationList section */
		65747AA81DDED51B00405A9A /* Build configuration list for PBXProject "OceanApp" */ = {
			isa = XCConfigurationList;
			buildConfigurations = (
				65747AD61DDED51C00405A9A /* Debug */,
				65747AD71DDED51C00405A9A /* Release */,
			);
			defaultConfigurationIsVisible = 0;
			defaultConfigurationName = Release;
		};
		65747AD81DDED51C00405A9A /* Build configuration list for PBXNativeTarget "OceanApp" */ = {
			isa = XCConfigurationList;
			buildConfigurations = (
				65747AD91DDED51C00405A9A /* Debug */,
				65747ADA1DDED51C00405A9A /* Release */,
			);
			defaultConfigurationIsVisible = 0;
			defaultConfigurationName = Release;
		};
		65747ADB1DDED51C00405A9A /* Build configuration list for PBXNativeTarget "OceanAppTests" */ = {
			isa = XCConfigurationList;
			buildConfigurations = (
				65747ADC1DDED51C00405A9A /* Debug */,
				65747ADD1DDED51C00405A9A /* Release */,
			);
			defaultConfigurationIsVisible = 0;
			defaultConfigurationName = Release;
		};
		65747ADE1DDED51C00405A9A /* Build configuration list for PBXNativeTarget "OceanAppUITests" */ = {
			isa = XCConfigurationList;
			buildConfigurations = (
				65747ADF1DDED51C00405A9A /* Debug */,
				65747AE01DDED51C00405A9A /* Release */,
			);
			defaultConfigurationIsVisible = 0;
			defaultConfigurationName = Release;
		};
/* End XCConfigurationList section */

/* Begin XCVersionGroup section */
		65747AB71DDED51C00405A9A /* OceanApp.xcdatamodeld */ = {
			isa = XCVersionGroup;
			children = (
				65747AB81DDED51C00405A9A /* OceanApp.xcdatamodel */,
			);
			currentVersion = 65747AB81DDED51C00405A9A /* OceanApp.xcdatamodel */;
			path = OceanApp.xcdatamodeld;
			sourceTree = "<group>";
			versionGroupType = wrapper.xcdatamodel;
		};
/* End XCVersionGroup section */
	};
	rootObject = 65747AA51DDED51B00405A9A /* Project object */;
}
